github.com/01-edu/z01 v0.1.0 h1:Rr1p92CKYXUgVFw872iGDABXpdkuKf2jmS+KV6r1034=
github.com/01-edu/z01 v0.1.0/go.mod h1:BH7t35JaNFuP83rTJDc5nkSfgmC/HYVcJsUcdFqYZNo=
github.com/atouba/piscine v0.0.0-20240910123144-217ce3d89c22 h1:dItAlStl9ozTDeoJNiyvJDdWJ1ncnOvKiWrilc/CEs0=
github.com/atouba/piscine v0.0.0-20240910123144-217ce3d89c22/go.mod h1:0RxyDbgi6YrHq3Q5ppgB+4ymFZX2OqEqIGdrJFtL0is=
