github.com/01-edu/z01 v0.1.0 h1:Rr1p92CKYXUgVFw872iGDABXpdkuKf2jmS+KV6r1034=
github.com/01-edu/z01 v0.1.0/go.mod h1:BH7t35JaNFuP83rTJDc5nkSfgmC/HYVcJsUcdFqYZNo=
github.com/atouba/piscine v0.0.0-20240805134458-a701bfd98cc6 h1:fQt195Nz4s9NUMt9LdKOjDZn9lTr3pKDtczumx3nQag=
github.com/atouba/piscine v0.0.0-20240805134458-a701bfd98cc6/go.mod h1:ufFaMKHZDdwRbb7zomNZMQVZVbZdZripeFU3MvDTBdU=
